# auto-generated by grc.converter

id: compress_StreamToDecompressionMsg
label: Stream To Compressed Msg
category: '[Compression]'

inputs:
-   domain: stream
    dtype: byte

outputs:
-   domain: message
    id: compressed

templates:
    imports: import compress
    make: compress.StreamToDecompressionMsg()

file_format: 1
