# auto-generated by grc.converter

id: compress_ComplexToPacked12
label: Complex To Packed12
category: '[Compression]'

inputs:
-   domain: stream
    dtype: complex

outputs:
-   domain: stream
    dtype: byte

templates:
    imports: import compress
    make: compress.ComplexToPacked12()

documentation: |-
    This block takes a complex input, scales it to a 12-bit integer, then packs it into 3 bytes.  Net result is 8 bytes of data is compressed to 3.

file_format: 1
