# auto-generated by grc.converter

id: compress_CompressedMsgToStream
label: Compressed Msg To Stream
category: '[Compression]'

inputs:
-   domain: message
    id: compressed

outputs:
-   domain: stream
    dtype: byte

templates:
    imports: import compress
    make: compress.CompressedMsgToStream()

file_format: 1
